<Solution>
  <Folder Name="/doc/">
    <File Path="fzkhaus.png" />
    <File Path="README.md" />
  </Folder>
  <Folder Name="/tools/">
    <Project Path="tools/cj2glb.tests/cj2glb.tests.csproj" />
    <Project Path="tools/cj2glb/cj2glb.csproj" Id="4f449f5b-da77-5958-0b7e-4a81aeae698a" />
  </Folder>
  <Project Path="src/cityjson.csproj" />
  <Project Path="tests/tests.csproj" />
</Solution>
